// !$*UTF8*$!
{
	archiveVersion = 1;
	classes = {
	};
	objectVersion = 51;
	objects = {

/* Begin PBXBuildFile section */
		21FDFAB451B4B2A1451F16DF /* Pods_WeatherSample.framework in Frameworks */ = {isa = PBXBuildFile; fileRef = 42C787696568DBAE61B2F337 /* Pods_WeatherSample.framework */; };
		E12C269A23E8805B00BB0D9C /* Constants.swift in Sources */ = {isa = PBXBuildFile; fileRef = E12C269923E8805B00BB0D9C /* Constants.swift */; };
		E12C269D23E8850100BB0D9C /* LocationManager.swift in Sources */ = {isa = PBXBuildFile; fileRef = E12C269C23E8850100BB0D9C /* LocationManager.swift */; };
		E12C269F23E888B900BB0D9C /* WeatherLoader.swift in Sources */ = {isa = PBXBuildFile; fileRef = E12C269E23E888B900BB0D9C /* WeatherLoader.swift */; };
		E12C26A223E88B3200BB0D9C /* NetworkManager.swift in Sources */ = {isa = PBXBuildFile; fileRef = E12C26A123E88B3200BB0D9C /* NetworkManager.swift */; };
		E12C26A623E88D0B00BB0D9C /* WeatherService.swift in Sources */ = {isa = PBXBuildFile; fileRef = E12C26A523E88D0B00BB0D9C /* WeatherService.swift */; };
		E12C26A923E8B44C00BB0D9C /* WeatherResponse.swift in Sources */ = {isa = PBXBuildFile; fileRef = E12C26A823E8B44C00BB0D9C /* WeatherResponse.swift */; };
		E1805F1423E877E3006AA281 /* AppDelegate.swift in Sources */ = {isa = PBXBuildFile; fileRef = E1805F1323E877E3006AA281 /* AppDelegate.swift */; };
		E1805F1623E877E3006AA281 /* SceneDelegate.swift in Sources */ = {isa = PBXBuildFile; fileRef = E1805F1523E877E3006AA281 /* SceneDelegate.swift */; };
		E1805F1B23E877E3006AA281 /* Main.storyboard in Resources */ = {isa = PBXBuildFile; fileRef = E1805F1923E877E3006AA281 /* Main.storyboard */; };
		E1805F1D23E877E8006AA281 /* Assets.xcassets in Resources */ = {isa = PBXBuildFile; fileRef = E1805F1C23E877E8006AA281 /* Assets.xcassets */; };
		E1805F2023E877E8006AA281 /* LaunchScreen.storyboard in Resources */ = {isa = PBXBuildFile; fileRef = E1805F1E23E877E8006AA281 /* LaunchScreen.storyboard */; };
		E1805F2C23E87A7B006AA281 /* TutorialViewController.swift in Sources */ = {isa = PBXBuildFile; fileRef = E1805F2B23E87A7B006AA281 /* TutorialViewController.swift */; };
		E1805F2E23E87AA0006AA281 /* LoadingViewController.swift in Sources */ = {isa = PBXBuildFile; fileRef = E1805F2D23E87AA0006AA281 /* LoadingViewController.swift */; };
		E1805F3023E87AB5006AA281 /* ResultViewController.swift in Sources */ = {isa = PBXBuildFile; fileRef = E1805F2F23E87AB5006AA281 /* ResultViewController.swift */; };
		E1805F3323E87CFE006AA281 /* TutorialCollectionViewCell.swift in Sources */ = {isa = PBXBuildFile; fileRef = E1805F3223E87CFE006AA281 /* TutorialCollectionViewCell.swift */; };
/* End PBXBuildFile section */

/* Begin PBXFileReference section */
		100D3415F6549ED1D5955FB6 /* Pods-WeatherSample.debug.xcconfig */ = {isa = PBXFileReference; includeInIndex = 1; lastKnownFileType = text.xcconfig; name = "Pods-WeatherSample.debug.xcconfig"; path = "Target Support Files/Pods-WeatherSample/Pods-WeatherSample.debug.xcconfig"; sourceTree = "<group>"; };
		42C787696568DBAE61B2F337 /* Pods_WeatherSample.framework */ = {isa = PBXFileReference; explicitFileType = wrapper.framework; includeInIndex = 0; path = Pods_WeatherSample.framework; sourceTree = BUILT_PRODUCTS_DIR; };
		B6F652CCA3310F87134D05F4 /* Pods-WeatherSample.release.xcconfig */ = {isa = PBXFileReference; includeInIndex = 1; lastKnownFileType = text.xcconfig; name = "Pods-WeatherSample.release.xcconfig"; path = "Target Support Files/Pods-WeatherSample/Pods-WeatherSample.release.xcconfig"; sourceTree = "<group>"; };
		E12C269923E8805B00BB0D9C /* Constants.swift */ = {isa = PBXFileReference; lastKnownFileType = sourcecode.swift; path = Constants.swift; sourceTree = "<group>"; };
		E12C269C23E8850100BB0D9C /* LocationManager.swift */ = {isa = PBXFileReference; lastKnownFileType = sourcecode.swift; path = LocationManager.swift; sourceTree = "<group>"; };
		E12C269E23E888B900BB0D9C /* WeatherLoader.swift */ = {isa = PBXFileReference; lastKnownFileType = sourcecode.swift; path = WeatherLoader.swift; sourceTree = "<group>"; };
		E12C26A123E88B3200BB0D9C /* NetworkManager.swift */ = {isa = PBXFileReference; lastKnownFileType = sourcecode.swift; path = NetworkManager.swift; sourceTree = "<group>"; };
		E12C26A523E88D0B00BB0D9C /* WeatherService.swift */ = {isa = PBXFileReference; lastKnownFileType = sourcecode.swift; path = WeatherService.swift; sourceTree = "<group>"; };
		E12C26A823E8B44C00BB0D9C /* WeatherResponse.swift */ = {isa = PBXFileReference; lastKnownFileType = sourcecode.swift; path = WeatherResponse.swift; sourceTree = "<group>"; };
		E1805F1023E877E3006AA281 /* WeatherSample.app */ = {isa = PBXFileReference; explicitFileType = wrapper.application; includeInIndex = 0; path = WeatherSample.app; sourceTree = BUILT_PRODUCTS_DIR; };
		E1805F1323E877E3006AA281 /* AppDelegate.swift */ = {isa = PBXFileReference; lastKnownFileType = sourcecode.swift; path = AppDelegate.swift; sourceTree = "<group>"; };
		E1805F1523E877E3006AA281 /* SceneDelegate.swift */ = {isa = PBXFileReference; lastKnownFileType = sourcecode.swift; path = SceneDelegate.swift; sourceTree = "<group>"; };
		E1805F1A23E877E3006AA281 /* Base */ = {isa = PBXFileReference; lastKnownFileType = file.storyboard; name = Base; path = Base.lproj/Main.storyboard; sourceTree = "<group>"; };
		E1805F1C23E877E8006AA281 /* Assets.xcassets */ = {isa = PBXFileReference; lastKnownFileType = folder.assetcatalog; path = Assets.xcassets; sourceTree = "<group>"; };
		E1805F1F23E877E8006AA281 /* Base */ = {isa = PBXFileReference; lastKnownFileType = file.storyboard; name = Base; path = Base.lproj/LaunchScreen.storyboard; sourceTree = "<group>"; };
		E1805F2123E877E8006AA281 /* Info.plist */ = {isa = PBXFileReference; lastKnownFileType = text.plist.xml; path = Info.plist; sourceTree = "<group>"; };
		E1805F2B23E87A7B006AA281 /* TutorialViewController.swift */ = {isa = PBXFileReference; lastKnownFileType = sourcecode.swift; path = TutorialViewController.swift; sourceTree = "<group>"; };
		E1805F2D23E87AA0006AA281 /* LoadingViewController.swift */ = {isa = PBXFileReference; lastKnownFileType = sourcecode.swift; path = LoadingViewController.swift; sourceTree = "<group>"; };
		E1805F2F23E87AB5006AA281 /* ResultViewController.swift */ = {isa = PBXFileReference; lastKnownFileType = sourcecode.swift; path = ResultViewController.swift; sourceTree = "<group>"; };
		E1805F3223E87CFE006AA281 /* TutorialCollectionViewCell.swift */ = {isa = PBXFileReference; lastKnownFileType = sourcecode.swift; path = TutorialCollectionViewCell.swift; sourceTree = "<group>"; };
/* End PBXFileReference section */

/* Begin PBXFrameworksBuildPhase section */
		E1805F0D23E877E3006AA281 /* Frameworks */ = {
			isa = PBXFrameworksBuildPhase;
			buildActionMask = 2147483647;
			files = (
				21FDFAB451B4B2A1451F16DF /* Pods_WeatherSample.framework in Frameworks */,
			);
			runOnlyForDeploymentPostprocessing = 0;
		};
/* End PBXFrameworksBuildPhase section */

/* Begin PBXGroup section */
		765F0A78B18BAFCDD59C3880 /* Pods */ = {
			isa = PBXGroup;
			children = (
				100D3415F6549ED1D5955FB6 /* Pods-WeatherSample.debug.xcconfig */,
				B6F652CCA3310F87134D05F4 /* Pods-WeatherSample.release.xcconfig */,
			);
			path = Pods;
			sourceTree = "<group>";
		};
		B660D65B446E272F1004CAE0 /* Frameworks */ = {
			isa = PBXGroup;
			children = (
				42C787696568DBAE61B2F337 /* Pods_WeatherSample.framework */,
			);
			name = Frameworks;
			sourceTree = "<group>";
		};
		E12C269B23E884E500BB0D9C /* Managers */ = {
			isa = PBXGroup;
			children = (
				E12C26A023E88B1700BB0D9C /* Network */,
				E12C269C23E8850100BB0D9C /* LocationManager.swift */,
				E12C269E23E888B900BB0D9C /* WeatherLoader.swift */,
			);
			path = Managers;
			sourceTree = "<group>";
		};
		E12C26A023E88B1700BB0D9C /* Network */ = {
			isa = PBXGroup;
			children = (
				E12C26A123E88B3200BB0D9C /* NetworkManager.swift */,
				E12C26A523E88D0B00BB0D9C /* WeatherService.swift */,
			);
			path = Network;
			sourceTree = "<group>";
		};
		E12C26A723E8B43100BB0D9C /* Models */ = {
			isa = PBXGroup;
			children = (
				E12C26A823E8B44C00BB0D9C /* WeatherResponse.swift */,
			);
			path = Models;
			sourceTree = "<group>";
		};
		E1805F0723E877E3006AA281 = {
			isa = PBXGroup;
			children = (
				E1805F1223E877E3006AA281 /* WeatherSample */,
				E1805F1123E877E3006AA281 /* Products */,
				765F0A78B18BAFCDD59C3880 /* Pods */,
				B660D65B446E272F1004CAE0 /* Frameworks */,
			);
			sourceTree = "<group>";
		};
		E1805F1123E877E3006AA281 /* Products */ = {
			isa = PBXGroup;
			children = (
				E1805F1023E877E3006AA281 /* WeatherSample.app */,
			);
			name = Products;
			sourceTree = "<group>";
		};
		E1805F1223E877E3006AA281 /* WeatherSample */ = {
			isa = PBXGroup;
			children = (
				E12C26A723E8B43100BB0D9C /* Models */,
				E12C269B23E884E500BB0D9C /* Managers */,
				E1805F2823E8783D006AA281 /* App Delegates */,
				E1805F2A23E8785A006AA281 /* Misc */,
				E1805F2923E8784C006AA281 /* Storyboards */,
				E1805F2723E8782B006AA281 /* View Controllers */,
				E1805F3123E87C80006AA281 /* Views */,
			);
			path = WeatherSample;
			sourceTree = "<group>";
		};
		E1805F2723E8782B006AA281 /* View Controllers */ = {
			isa = PBXGroup;
			children = (
				E1805F2B23E87A7B006AA281 /* TutorialViewController.swift */,
				E1805F2D23E87AA0006AA281 /* LoadingViewController.swift */,
				E1805F2F23E87AB5006AA281 /* ResultViewController.swift */,
			);
			path = "View Controllers";
			sourceTree = "<group>";
		};
		E1805F2823E8783D006AA281 /* App Delegates */ = {
			isa = PBXGroup;
			children = (
				E1805F1323E877E3006AA281 /* AppDelegate.swift */,
				E1805F1523E877E3006AA281 /* SceneDelegate.swift */,
			);
			path = "App Delegates";
			sourceTree = "<group>";
		};
		E1805F2923E8784C006AA281 /* Storyboards */ = {
			isa = PBXGroup;
			children = (
				E1805F1923E877E3006AA281 /* Main.storyboard */,
				E1805F1E23E877E8006AA281 /* LaunchScreen.storyboard */,
			);
			path = Storyboards;
			sourceTree = "<group>";
		};
		E1805F2A23E8785A006AA281 /* Misc */ = {
			isa = PBXGroup;
			children = (
				E1805F1C23E877E8006AA281 /* Assets.xcassets */,
				E1805F2123E877E8006AA281 /* Info.plist */,
				E12C269923E8805B00BB0D9C /* Constants.swift */,
			);
			path = Misc;
			sourceTree = "<group>";
		};
		E1805F3123E87C80006AA281 /* Views */ = {
			isa = PBXGroup;
			children = (
				E1805F3423E87D06006AA281 /* Cells */,
			);
			path = Views;
			sourceTree = "<group>";
		};
		E1805F3423E87D06006AA281 /* Cells */ = {
			isa = PBXGroup;
			children = (
				E1805F3223E87CFE006AA281 /* TutorialCollectionViewCell.swift */,
			);
			path = Cells;
			sourceTree = "<group>";
		};
/* End PBXGroup section */

/* Begin PBXNativeTarget section */
		E1805F0F23E877E3006AA281 /* WeatherSample */ = {
			isa = PBXNativeTarget;
			buildConfigurationList = E1805F2423E877E8006AA281 /* Build configuration list for PBXNativeTarget "WeatherSample" */;
			buildPhases = (
				3E782BD330991DD403DE898A /* [CP] Check Pods Manifest.lock */,
				E1805F0C23E877E3006AA281 /* Sources */,
				E1805F0D23E877E3006AA281 /* Frameworks */,
				E1805F0E23E877E3006AA281 /* Resources */,
				15540BD8D95AA7722D049023 /* [CP] Embed Pods Frameworks */,
			);
			buildRules = (
			);
			dependencies = (
			);
			name = WeatherSample;
			productName = WeatherSample;
			productReference = E1805F1023E877E3006AA281 /* WeatherSample.app */;
			productType = "com.apple.product-type.application";
		};
/* End PBXNativeTarget section */

/* Begin PBXProject section */
		E1805F0823E877E3006AA281 /* Project object */ = {
			isa = PBXProject;
			attributes = {
				LastSwiftUpdateCheck = 1120;
				LastUpgradeCheck = 1120;
				ORGANIZATIONNAME = Test;
				TargetAttributes = {
					E1805F0F23E877E3006AA281 = {
						CreatedOnToolsVersion = 11.2.1;
					};
				};
			};
			buildConfigurationList = E1805F0B23E877E3006AA281 /* Build configuration list for PBXProject "WeatherSample" */;
			compatibilityVersion = "Xcode 9.3";
			developmentRegion = en;
			hasScannedForEncodings = 0;
			knownRegions = (
				en,
				Base,
			);
			mainGroup = E1805F0723E877E3006AA281;
			productRefGroup = E1805F1123E877E3006AA281 /* Products */;
			projectDirPath = "";
			projectRoot = "";
			targets = (
				E1805F0F23E877E3006AA281 /* WeatherSample */,
			);
		};
/* End PBXProject section */

/* Begin PBXResourcesBuildPhase section */
		E1805F0E23E877E3006AA281 /* Resources */ = {
			isa = PBXResourcesBuildPhase;
			buildActionMask = 2147483647;
			files = (
				E1805F2023E877E8006AA281 /* LaunchScreen.storyboard in Resources */,
				E1805F1D23E877E8006AA281 /* Assets.xcassets in Resources */,
				E1805F1B23E877E3006AA281 /* Main.storyboard in Resources */,
			);
			runOnlyForDeploymentPostprocessing = 0;
		};
/* End PBXResourcesBuildPhase section */

/* Begin PBXShellScriptBuildPhase section */
		15540BD8D95AA7722D049023 /* [CP] Embed Pods Frameworks */ = {
			isa = PBXShellScriptBuildPhase;
			buildActionMask = 2147483647;
			files = (
			);
			inputFileListPaths = (
				"${PODS_ROOT}/Target Support Files/Pods-WeatherSample/Pods-WeatherSample-frameworks-${CONFIGURATION}-input-files.xcfilelist",
			);
			name = "[CP] Embed Pods Frameworks";
			outputFileListPaths = (
				"${PODS_ROOT}/Target Support Files/Pods-WeatherSample/Pods-WeatherSample-frameworks-${CONFIGURATION}-output-files.xcfilelist",
			);
			runOnlyForDeploymentPostprocessing = 0;
			shellPath = /bin/sh;
			shellScript = "\"${PODS_ROOT}/Target Support Files/Pods-WeatherSample/Pods-WeatherSample-frameworks.sh\"\n";
			showEnvVarsInLog = 0;
		};
		3E782BD330991DD403DE898A /* [CP] Check Pods Manifest.lock */ = {
			isa = PBXShellScriptBuildPhase;
			buildActionMask = 2147483647;
			files = (
			);
			inputFileListPaths = (
			);
			inputPaths = (
				"${PODS_PODFILE_DIR_PATH}/Podfile.lock",
				"${PODS_ROOT}/Manifest.lock",
			);
			name = "[CP] Check Pods Manifest.lock";
			outputFileListPaths = (
			);
			outputPaths = (
				"$(DERIVED_FILE_DIR)/Pods-WeatherSample-checkManifestLockResult.txt",
			);
			runOnlyForDeploymentPostprocessing = 0;
			shellPath = /bin/sh;
			shellScript = "diff \"${PODS_PODFILE_DIR_PATH}/Podfile.lock\" \"${PODS_ROOT}/Manifest.lock\" > /dev/null\nif [ $? != 0 ] ; then\n    # print error to STDERR\n    echo \"error: The sandbox is not in sync with the Podfile.lock. Run 'pod install' or update your CocoaPods installation.\" >&2\n    exit 1\nfi\n# This output is used by Xcode 'outputs' to avoid re-running this script phase.\necho \"SUCCESS\" > \"${SCRIPT_OUTPUT_FILE_0}\"\n";
			showEnvVarsInLog = 0;
		};
/* End PBXShellScriptBuildPhase section */

/* Begin PBXSourcesBuildPhase section */
		E1805F0C23E877E3006AA281 /* Sources */ = {
			isa = PBXSourcesBuildPhase;
			buildActionMask = 2147483647;
			files = (
				E1805F3323E87CFE006AA281 /* TutorialCollectionViewCell.swift in Sources */,
				E1805F3023E87AB5006AA281 /* ResultViewController.swift in Sources */,
				E12C26A623E88D0B00BB0D9C /* WeatherService.swift in Sources */,
				E12C26A223E88B3200BB0D9C /* NetworkManager.swift in Sources */,
				E1805F1423E877E3006AA281 /* AppDelegate.swift in Sources */,
				E1805F2C23E87A7B006AA281 /* TutorialViewController.swift in Sources */,
				E12C269D23E8850100BB0D9C /* LocationManager.swift in Sources */,
				E12C26A923E8B44C00BB0D9C /* WeatherResponse.swift in Sources */,
				E12C269A23E8805B00BB0D9C /* Constants.swift in Sources */,
				E1805F1623E877E3006AA281 /* SceneDelegate.swift in Sources */,
				E12C269F23E888B900BB0D9C /* WeatherLoader.swift in Sources */,
				E1805F2E23E87AA0006AA281 /* LoadingViewController.swift in Sources */,
			);
			runOnlyForDeploymentPostprocessing = 0;
		};
/* End PBXSourcesBuildPhase section */

/* Begin PBXVariantGroup section */
		E1805F1923E877E3006AA281 /* Main.storyboard */ = {
			isa = PBXVariantGroup;
			children = (
				E1805F1A23E877E3006AA281 /* Base */,
			);
			name = Main.storyboard;
			sourceTree = "<group>";
		};
		E1805F1E23E877E8006AA281 /* LaunchScreen.storyboard */ = {
			isa = PBXVariantGroup;
			children = (
				E1805F1F23E877E8006AA281 /* Base */,
			);
			name = LaunchScreen.storyboard;
			sourceTree = "<group>";
		};
/* End PBXVariantGroup section */

/* Begin XCBuildConfiguration section */
		E1805F2223E877E8006AA281 /* Debug */ = {
			isa = XCBuildConfiguration;
			buildSettings = {
				ALWAYS_SEARCH_USER_PATHS = NO;
				CLANG_ANALYZER_NONNULL = YES;
				CLANG_ANALYZER_NUMBER_OBJECT_CONVERSION = YES_AGGRESSIVE;
				CLANG_CXX_LANGUAGE_STANDARD = "gnu++14";
				CLANG_CXX_LIBRARY = "libc++";
				CLANG_ENABLE_MODULES = YES;
				CLANG_ENABLE_OBJC_ARC = YES;
				CLANG_ENABLE_OBJC_WEAK = YES;
				CLANG_WARN_BLOCK_CAPTURE_AUTORELEASING = YES;
				CLANG_WARN_BOOL_CONVERSION = YES;
				CLANG_WARN_COMMA = YES;
				CLANG_WARN_CONSTANT_CONVERSION = YES;
				CLANG_WARN_DEPRECATED_OBJC_IMPLEMENTATIONS = YES;
				CLANG_WARN_DIRECT_OBJC_ISA_USAGE = YES_ERROR;
				CLANG_WARN_DOCUMENTATION_COMMENTS = YES;
				CLANG_WARN_EMPTY_BODY = YES;
				CLANG_WARN_ENUM_CONVERSION = YES;
				CLANG_WARN_INFINITE_RECURSION = YES;
				CLANG_WARN_INT_CONVERSION = YES;
				CLANG_WARN_NON_LITERAL_NULL_CONVERSION = YES;
				CLANG_WARN_OBJC_IMPLICIT_RETAIN_SELF = YES;
				CLANG_WARN_OBJC_LITERAL_CONVERSION = YES;
				CLANG_WARN_OBJC_ROOT_CLASS = YES_ERROR;
				CLANG_WARN_RANGE_LOOP_ANALYSIS = YES;
				CLANG_WARN_STRICT_PROTOTYPES = YES;
				CLANG_WARN_SUSPICIOUS_MOVE = YES;
				CLANG_WARN_UNGUARDED_AVAILABILITY = YES_AGGRESSIVE;
				CLANG_WARN_UNREACHABLE_CODE = YES;
				CLANG_WARN__DUPLICATE_METHOD_MATCH = YES;
				COPY_PHASE_STRIP = NO;
				DEBUG_INFORMATION_FORMAT = dwarf;
				ENABLE_STRICT_OBJC_MSGSEND = YES;
				ENABLE_TESTABILITY = YES;
				GCC_C_LANGUAGE_STANDARD = gnu11;
				GCC_DYNAMIC_NO_PIC = NO;
				GCC_NO_COMMON_BLOCKS = YES;
				GCC_OPTIMIZATION_LEVEL = 0;
				GCC_PREPROCESSOR_DEFINITIONS = (
					"DEBUG=1",
					"$(inherited)",
				);
				GCC_WARN_64_TO_32_BIT_CONVERSION = YES;
				GCC_WARN_ABOUT_RETURN_TYPE = YES_ERROR;
				GCC_WARN_UNDECLARED_SELECTOR = YES;
				GCC_WARN_UNINITIALIZED_AUTOS = YES_AGGRESSIVE;
				GCC_WARN_UNUSED_FUNCTION = YES;
				GCC_WARN_UNUSED_VARIABLE = YES;
				IPHONEOS_DEPLOYMENT_TARGET = 13.2;
				MTL_ENABLE_DEBUG_INFO = INCLUDE_SOURCE;
				MTL_FAST_MATH = YES;
				ONLY_ACTIVE_ARCH = YES;
				SDKROOT = iphoneos;
				SWIFT_ACTIVE_COMPILATION_CONDITIONS = DEBUG;
				SWIFT_OPTIMIZATION_LEVEL = "-Onone";
			};
			name = Debug;
		};
		E1805F2323E877E8006AA281 /* Release */ = {
			isa = XCBuildConfiguration;
			buildSettings = {
				ALWAYS_SEARCH_USER_PATHS = NO;
				CLANG_ANALYZER_NONNULL = YES;
				CLANG_ANALYZER_NUMBER_OBJECT_CONVERSION = YES_AGGRESSIVE;
				CLANG_CXX_LANGUAGE_STANDARD = "gnu++14";
				CLANG_CXX_LIBRARY = "libc++";
				CLANG_ENABLE_MODULES = YES;
				CLANG_ENABLE_OBJC_ARC = YES;
				CLANG_ENABLE_OBJC_WEAK = YES;
				CLANG_WARN_BLOCK_CAPTURE_AUTORELEASING = YES;
				CLANG_WARN_BOOL_CONVERSION = YES;
				CLANG_WARN_COMMA = YES;
				CLANG_WARN_CONSTANT_CONVERSION = YES;
				CLANG_WARN_DEPRECATED_OBJC_IMPLEMENTATIONS = YES;
				CLANG_WARN_DIRECT_OBJC_ISA_USAGE = YES_ERROR;
				CLANG_WARN_DOCUMENTATION_COMMENTS = YES;
				CLANG_WARN_EMPTY_BODY = YES;
				CLANG_WARN_ENUM_CONVERSION = YES;
				CLANG_WARN_INFINITE_RECURSION = YES;
				CLANG_WARN_INT_CONVERSION = YES;
				CLANG_WARN_NON_LITERAL_NULL_CONVERSION = YES;
				CLANG_WARN_OBJC_IMPLICIT_RETAIN_SELF = YES;
				CLANG_WARN_OBJC_LITERAL_CONVERSION = YES;
				CLANG_WARN_OBJC_ROOT_CLASS = YES_ERROR;
				CLANG_WARN_RANGE_LOOP_ANALYSIS = YES;
				CLANG_WARN_STRICT_PROTOTYPES = YES;
				CLANG_WARN_SUSPICIOUS_MOVE = YES;
				CLANG_WARN_UNGUARDED_AVAILABILITY = YES_AGGRESSIVE;
				CLANG_WARN_UNREACHABLE_CODE = YES;
				CLANG_WARN__DUPLICATE_METHOD_MATCH = YES;
				COPY_PHASE_STRIP = NO;
				DEBUG_INFORMATION_FORMAT = "dwarf-with-dsym";
				ENABLE_NS_ASSERTIONS = NO;
				ENABLE_STRICT_OBJC_MSGSEND = YES;
				GCC_C_LANGUAGE_STANDARD = gnu11;
				GCC_NO_COMMON_BLOCKS = YES;
				GCC_WARN_64_TO_32_BIT_CONVERSION = YES;
				GCC_WARN_ABOUT_RETURN_TYPE = YES_ERROR;
				GCC_WARN_UNDECLARED_SELECTOR = YES;
				GCC_WARN_UNINITIALIZED_AUTOS = YES_AGGRESSIVE;
				GCC_WARN_UNUSED_FUNCTION = YES;
				GCC_WARN_UNUSED_VARIABLE = YES;
				IPHONEOS_DEPLOYMENT_TARGET = 13.2;
				MTL_ENABLE_DEBUG_INFO = NO;
				MTL_FAST_MATH = YES;
				SDKROOT = iphoneos;
				SWIFT_COMPILATION_MODE = wholemodule;
				SWIFT_OPTIMIZATION_LEVEL = "-O";
				VALIDATE_PRODUCT = YES;
			};
			name = Release;
		};
		E1805F2523E877E8006AA281 /* Debug */ = {
			isa = XCBuildConfiguration;
			baseConfigurationReference = 100D3415F6549ED1D5955FB6 /* Pods-WeatherSample.debug.xcconfig */;
			buildSettings = {
				ASSETCATALOG_COMPILER_APPICON_NAME = AppIcon;
				CODE_SIGN_STYLE = Automatic;
				DEVELOPMENT_TEAM = LL59CY8FK2;
				INFOPLIST_FILE = WeatherSample/Misc/Info.plist;
				LD_RUNPATH_SEARCH_PATHS = (
					"$(inherited)",
					"@executable_path/Frameworks",
				);
				PRODUCT_BUNDLE_IDENTIFIER = Test.WeatherSample;
				PRODUCT_NAME = "$(TARGET_NAME)";
				SWIFT_VERSION = 5.0;
				TARGETED_DEVICE_FAMILY = "1,2";
			};
			name = Debug;
		};
		E1805F2623E877E8006AA281 /* Release */ = {
			isa = XCBuildConfiguration;
			baseConfigurationReference = B6F652CCA3310F87134D05F4 /* Pods-WeatherSample.release.xcconfig */;
			buildSettings = {
				ASSETCATALOG_COMPILER_APPICON_NAME = AppIcon;
				CODE_SIGN_STYLE = Automatic;
				DEVELOPMENT_TEAM = LL59CY8FK2;
				INFOPLIST_FILE = WeatherSample/Misc/Info.plist;
				LD_RUNPATH_SEARCH_PATHS = (
					"$(inherited)",
					"@executable_path/Frameworks",
				);
				PRODUCT_BUNDLE_IDENTIFIER = Test.WeatherSample;
				PRODUCT_NAME = "$(TARGET_NAME)";
				SWIFT_VERSION = 5.0;
				TARGETED_DEVICE_FAMILY = "1,2";
			};
			name = Release;
		};
/* End XCBuildConfiguration section */

/* Begin XCConfigurationList section */
		E1805F0B23E877E3006AA281 /* Build configuration list for PBXProject "WeatherSample" */ = {
			isa = XCConfigurationList;
			buildConfigurations = (
				E1805F2223E877E8006AA281 /* Debug */,
				E1805F2323E877E8006AA281 /* Release */,
			);
			defaultConfigurationIsVisible = 0;
			defaultConfigurationName = Release;
		};
		E1805F2423E877E8006AA281 /* Build configuration list for PBXNativeTarget "WeatherSample" */ = {
			isa = XCConfigurationList;
			buildConfigurations = (
				E1805F2523E877E8006AA281 /* Debug */,
				E1805F2623E877E8006AA281 /* Release */,
			);
			defaultConfigurationIsVisible = 0;
			defaultConfigurationName = Release;
		};
/* End XCConfigurationList section */
	};
	rootObject = E1805F0823E877E3006AA281 /* Project object */;
}
